
Microsoft Visual Studio Solution File, Format Version 12.00
# Visual Studio Version 17
VisualStudioVersion = 17.11.35327.3
MinimumVisualStudioVersion = 10.0.40219.1
Project("{9A19103F-16F7-4668-BE54-9A1E7A4F7556}") = "Umbraco15-learn", "Umbraco15-learn.csproj", "{71A09C89-B694-4B7F-B56E-8A72D7E0E165}"
EndProject
Global
	GlobalSection(SolutionConfigurationPlatforms) = preSolution
		Debug|Any CPU = Debug|Any CPU
		Release|Any CPU = Release|Any CPU
	EndGlobalSection
	GlobalSection(ProjectConfigurationPlatforms) = postSolution
		{71A09C89-B694-4B7F-B56E-8A72D7E0E165}.Debug|Any CPU.ActiveCfg = Debug|Any CPU
		{71A09C89-B694-4B7F-B56E-8A72D7E0E165}.Debug|Any CPU.Build.0 = Debug|Any CPU
		{71A09C89-B694-4B7F-B56E-8A72D7E0E165}.Release|Any CPU.ActiveCfg = Release|Any CPU
		{71A09C89-B694-4B7F-B56E-8A72D7E0E165}.Release|Any CPU.Build.0 = Release|Any CPU
	EndGlobalSection
	GlobalSection(SolutionProperties) = preSolution
		HideSolutionNode = FALSE
	EndGlobalSection
	GlobalSection(ExtensibilityGlobals) = postSolution
		SolutionGuid = {BA7DF831-8E3A-4F84-BFF7-BAC692E500B2}
	EndGlobalSection
EndGlobal
